
Microsoft Visual Studio Solution File, Format Version 12.00
# Visual Studio Version 17
VisualStudioVersion = 17.11.35219.272
MinimumVisualStudioVersion = 10.0.40219.1
Project("{8BC9CEB8-8B4A-11D0-8D11-00A0C91BC942}") = "day24", "day24.vcxproj", "{97194A95-4B63-4682-B712-E3BC783B034A}"
EndProject
Global
	GlobalSection(SolutionConfigurationPlatforms) = preSolution
		Debug|x64 = Debug|x64
		Debug|x86 = Debug|x86
		Release|x64 = Release|x64
		Release|x86 = Release|x86
	EndGlobalSection
	GlobalSection(ProjectConfigurationPlatforms) = postSolution
		{97194A95-4B63-4682-B712-E3BC783B034A}.Debug|x64.ActiveCfg = Debug|x64
		{97194A95-4B63-4682-B712-E3BC783B034A}.Debug|x64.Build.0 = Debug|x64
		{97194A95-4B63-4682-B712-E3BC783B034A}.Debug|x86.ActiveCfg = Debug|Win32
		{97194A95-4B63-4682-B712-E3BC783B034A}.Debug|x86.Build.0 = Debug|Win32
		{97194A95-4B63-4682-B712-E3BC783B034A}.Release|x64.ActiveCfg = Release|x64
		{97194A95-4B63-4682-B712-E3BC783B034A}.Release|x64.Build.0 = Release|x64
		{97194A95-4B63-4682-B712-E3BC783B034A}.Release|x86.ActiveCfg = Release|Win32
		{97194A95-4B63-4682-B712-E3BC783B034A}.Release|x86.Build.0 = Release|Win32
	EndGlobalSection
	GlobalSection(SolutionProperties) = preSolution
		HideSolutionNode = FALSE
	EndGlobalSection
	GlobalSection(ExtensibilityGlobals) = postSolution
		SolutionGuid = {C914FCEF-F79F-461A-BC22-64F16D33DF17}
	EndGlobalSection
EndGlobal
